
Microsoft Visual Studio Solution File, Format Version 12.00
# Visual Studio Version 16
VisualStudioVersion = 16.0.31019.35
MinimumVisualStudioVersion = 10.0.40219.1
Project("{FAE04EC0-301F-11D3-BF4B-00C04F79EFBC}") = "Jogo da Forca", "LP2_2emia_24_08_18\Jogo da Forca.csproj", "{95DCAC62-EECE-4F03-BE93-84FDAE31B35E}"
EndProject
Global
	GlobalSection(SolutionConfigurationPlatforms) = preSolution
		Debug|Any CPU = Debug|Any CPU
		Release|Any CPU = Release|Any CPU
	EndGlobalSection
	GlobalSection(ProjectConfigurationPlatforms) = postSolution
		{95DCAC62-EECE-4F03-BE93-84FDAE31B35E}.Debug|Any CPU.ActiveCfg = Debug|Any CPU
		{95DCAC62-EECE-4F03-BE93-84FDAE31B35E}.Debug|Any CPU.Build.0 = Debug|Any CPU
		{95DCAC62-EECE-4F03-BE93-84FDAE31B35E}.Release|Any CPU.ActiveCfg = Release|Any CPU
		{95DCAC62-EECE-4F03-BE93-84FDAE31B35E}.Release|Any CPU.Build.0 = Release|Any CPU
	EndGlobalSection
	GlobalSection(SolutionProperties) = preSolution
		HideSolutionNode = FALSE
	EndGlobalSection
	GlobalSection(ExtensibilityGlobals) = postSolution
		SolutionGuid = {18A6828D-6EA8-4FB2-AB6D-E6E2F43FC7AA}
	EndGlobalSection
EndGlobal
